
Microsoft Visual Studio Solution File, Format Version 12.00
# Visual Studio Version 17
VisualStudioVersion = 17.4.33205.214
MinimumVisualStudioVersion = 10.0.40219.1
Project("{9A19103F-16F7-4668-BE54-9A1E7A4F7556}") = "PPPK_Zadatak02", "PPPK_Zadatak02\PPPK_Zadatak02.csproj", "{9C60EC87-F0EB-4AED-B1C8-9E08F5A9E0B0}"
EndProject
Global
	GlobalSection(SolutionConfigurationPlatforms) = preSolution
		Debug|Any CPU = Debug|Any CPU
		Release|Any CPU = Release|Any CPU
	EndGlobalSection
	GlobalSection(ProjectConfigurationPlatforms) = postSolution
		{9C60EC87-F0EB-4AED-B1C8-9E08F5A9E0B0}.Debug|Any CPU.ActiveCfg = Debug|Any CPU
		{9C60EC87-F0EB-4AED-B1C8-9E08F5A9E0B0}.Debug|Any CPU.Build.0 = Debug|Any CPU
		{9C60EC87-F0EB-4AED-B1C8-9E08F5A9E0B0}.Release|Any CPU.ActiveCfg = Release|Any CPU
		{9C60EC87-F0EB-4AED-B1C8-9E08F5A9E0B0}.Release|Any CPU.Build.0 = Release|Any CPU
	EndGlobalSection
	GlobalSection(SolutionProperties) = preSolution
		HideSolutionNode = FALSE
	EndGlobalSection
	GlobalSection(ExtensibilityGlobals) = postSolution
		SolutionGuid = {3721F750-60E9-44AB-9B6A-637ED0C4C42C}
	EndGlobalSection
EndGlobal
